
Microsoft Visual Studio Solution File, Format Version 12.00
# Visual Studio Version 17
VisualStudioVersion = 17.4.33213.308
MinimumVisualStudioVersion = 10.0.40219.1
Project("{FAE04EC0-301F-11D3-BF4B-00C04F79EFBC}") = "LabOOP2", "LabOOP2\LabOOP2.csproj", "{8E3F173D-60BC-4113-852B-95D4062A13D9}"
EndProject
Global
	GlobalSection(SolutionConfigurationPlatforms) = preSolution
		Debug|Any CPU = Debug|Any CPU
		Release|Any CPU = Release|Any CPU
	EndGlobalSection
	GlobalSection(ProjectConfigurationPlatforms) = postSolution
		{8E3F173D-60BC-4113-852B-95D4062A13D9}.Debug|Any CPU.ActiveCfg = Debug|Any CPU
		{8E3F173D-60BC-4113-852B-95D4062A13D9}.Debug|Any CPU.Build.0 = Debug|Any CPU
		{8E3F173D-60BC-4113-852B-95D4062A13D9}.Release|Any CPU.ActiveCfg = Release|Any CPU
		{8E3F173D-60BC-4113-852B-95D4062A13D9}.Release|Any CPU.Build.0 = Release|Any CPU
	EndGlobalSection
	GlobalSection(SolutionProperties) = preSolution
		HideSolutionNode = FALSE
	EndGlobalSection
	GlobalSection(ExtensibilityGlobals) = postSolution
		SolutionGuid = {E9F5B83A-E886-41EA-A989-11DCB3EDF012}
	EndGlobalSection
EndGlobal
